{
  "name": "banan-bot",
  "version": "1.0.0",
  "lockfileVersion": 1,
  "requires": true,
  "dependencies": {
    "@discordjs/collection": {
      "version": "0.1.6",
      "resolved": "https://registry.npmjs.org/@discordjs/collection/-/collection-0.1.6.tgz",
      "integrity": "sha512-utRNxnd9kSS2qhyivo9lMlt5qgAUasH2gb7BEOn6p0efFh24gjGomHzWKMAPn2hEReOPQZCJaRKoURwRotKucQ=="
    },
    "@guildedjs/common": {
      "version": "1.0.0",
      "resolved": "https://registry.npmjs.org/@guildedjs/common/-/common-1.0.0.tgz",
      "integrity": "sha512-qawqh+v+lVDDGIErSFatGjv/hCHdMbTU99ZFyw7TmNbOPoBJ/4+kkQ9TBnXyWS/es8BJe9TX/xnQwjwrPor/hg==",
      "requires": {
        "@discordjs/collection": "^0.1.6",
        "@guildedjs/embeds": "^1.0.0",
        "uuid": "^8.3.2"
      }
    },
    "@guildedjs/embeds": {
      "version": "1.0.0",
      "resolved": "https://registry.npmjs.org/@guildedjs/embeds/-/embeds-1.0.0.tgz",
      "integrity": "sha512-rm2mylxbqLa7aSOKx8Osza9WxDGAN7FjEo3eSZG7YA0avAxcJCVFkQuFNRFoKNb2HWDWYNBBENpo85CGph0/hQ=="
    },
    "@guildedjs/guilded.js": {
      "version": "1.2.2",
      "resolved": "https://registry.npmjs.org/@guildedjs/guilded.js/-/guilded.js-1.2.2.tgz",
      "integrity": "sha512-FuBVdGzCtFdRUo1/IoBSKeut6Xe0adcV7vsY9A7Gys7by8tJxNzQ9ZM9KxsEtI59X0aF/4DnEDKsoSKKaayXAQ==",
      "requires": {
        "@discordjs/collection": "^0.1.6",
        "@guildedjs/common": "^1.0.0",
        "@guildedjs/embeds": "^1.0.0",
        "@guildedjs/webhook-client": "^1.0.0",
        "node-fetch": "^2.6.1",
        "ws": "^7.4.0"
      }
    },
    "@guildedjs/webhook-client": {
      "version": "1.0.0",
      "resolved": "https://registry.npmjs.org/@guildedjs/webhook-client/-/webhook-client-1.0.0.tgz",
      "integrity": "sha512-qQg8RLHFEmVXqXXPbRGs1qA2fHfNIy2Jp5m5/RY4LvI1TjIk52tnZFAJVB1lUY1cLZ66mlyXYGI9LrZTO2x41w==",
      "requires": {
        "@guildedjs/common": "^1.0.0",
        "@guildedjs/embeds": "^1.0.0",
        "node-fetch": "^2.6.1"
      }
    },
    "axios": {
      "version": "0.21.1",
      "resolved": "https://registry.npmjs.org/axios/-/axios-0.21.1.tgz",
      "integrity": "sha512-dKQiRHxGD9PPRIUNIWvZhPTPpl1rf/OxTYKsqKUDjBwYylTvV7SjSHJb9ratfyzM6wCdLCOYLzs73qpg5c4iGA==",
      "requires": {
        "follow-redirects": "^1.10.0"
      }
    },
    "dotenv": {
      "version": "10.0.0",
      "resolved": "https://registry.npmjs.org/dotenv/-/dotenv-10.0.0.tgz",
      "integrity": "sha512-rlBi9d8jpv9Sf1klPjNfFAuWDjKLwTIJJ/VxtoTwIR6hnZxcEOQCZg2oIL3MWBYw5GpUDKOEnND7LXTbIpQ03Q=="
    },
    "follow-redirects": {
      "version": "1.14.1",
      "resolved": "https://registry.npmjs.org/follow-redirects/-/follow-redirects-1.14.1.tgz",
      "integrity": "sha512-HWqDgT7ZEkqRzBvc2s64vSZ/hfOceEol3ac/7tKwzuvEyWx3/4UegXh5oBOIotkGsObyk3xznnSRVADBgWSQVg=="
    },
    "node-fetch": {
      "version": "2.6.1",
      "resolved": "https://registry.npmjs.org/node-fetch/-/node-fetch-2.6.1.tgz",
      "integrity": "sha512-V4aYg89jEoVRxRb2fJdAg8FHvI7cEyYdVAh94HH0UIK8oJxUfkjlDQN9RbMx+bEjP7+ggMiFRprSti032Oipxw=="
    },
    "uuid": {
      "version": "8.3.2",
      "resolved": "https://registry.npmjs.org/uuid/-/uuid-8.3.2.tgz",
      "integrity": "sha512-+NYs2QeMWy+GWFOEm9xnn6HCDp0l7QBD7ml8zLUmJ+93Q5NF0NocErnwkTkXVFNiX3/fpC6afS8Dhb/gz7R7eg=="
    },
    "ws": {
      "version": "7.5.3",
      "resolved": "https://registry.npmjs.org/ws/-/ws-7.5.3.tgz",
      "integrity": "sha512-kQ/dHIzuLrS6Je9+uv81ueZomEwH0qVYstcAQ4/Z93K8zeko9gtAbttJWzoC5ukqXY1PpoouV3+VSOqEAFt5wg=="
    }
  }
}
